// !$*UTF8*$!
{
	archiveVersion = 1;
	classes = {
	};
	objectVersion = 55;
	objects = {

/* Begin PBXBuildFile section */
		3DE4D3E32790849200BF2086 /* AppDelegate.swift in Sources */ = {isa = PBXBuildFile; fileRef = 3DE4D3E22790849200BF2086 /* AppDelegate.swift */; };
		3DE4D3E52790849200BF2086 /* SceneDelegate.swift in Sources */ = {isa = PBXBuildFile; fileRef = 3DE4D3E42790849200BF2086 /* SceneDelegate.swift */; };
		3DE4D3E72790849200BF2086 /* ViewController.swift in Sources */ = {isa = PBXBuildFile; fileRef = 3DE4D3E62790849200BF2086 /* ViewController.swift */; };
		3DE4D3EA2790849200BF2086 /* Main.storyboard in Resources */ = {isa = PBXBuildFile; fileRef = 3DE4D3E82790849200BF2086 /* Main.storyboard */; };
		3DE4D3EC2790849700BF2086 /* Assets.xcassets in Resources */ = {isa = PBXBuildFile; fileRef = 3DE4D3EB2790849700BF2086 /* Assets.xcassets */; };
		3DE4D3EF2790849700BF2086 /* LaunchScreen.storyboard in Resources */ = {isa = PBXBuildFile; fileRef = 3DE4D3ED2790849700BF2086 /* LaunchScreen.storyboard */; };
		3DE4D3FA2790849800BF2086 /* odd_evenTests.swift in Sources */ = {isa = PBXBuildFile; fileRef = 3DE4D3F92790849800BF2086 /* odd_evenTests.swift */; };
		3DE4D4042790849800BF2086 /* odd_evenUITests.swift in Sources */ = {isa = PBXBuildFile; fileRef = 3DE4D4032790849800BF2086 /* odd_evenUITests.swift */; };
		3DE4D4062790849800BF2086 /* odd_evenUITestsLaunchTests.swift in Sources */ = {isa = PBXBuildFile; fileRef = 3DE4D4052790849800BF2086 /* odd_evenUITestsLaunchTests.swift */; };
/* End PBXBuildFile section */

/* Begin PBXContainerItemProxy section */
		3DE4D3F62790849800BF2086 /* PBXContainerItemProxy */ = {
			isa = PBXContainerItemProxy;
			containerPortal = 3DE4D3D72790849200BF2086 /* Project object */;
			proxyType = 1;
			remoteGlobalIDString = 3DE4D3DE2790849200BF2086;
			remoteInfo = "odd even";
		};
		3DE4D4002790849800BF2086 /* PBXContainerItemProxy */ = {
			isa = PBXContainerItemProxy;
			containerPortal = 3DE4D3D72790849200BF2086 /* Project object */;
			proxyType = 1;
			remoteGlobalIDString = 3DE4D3DE2790849200BF2086;
			remoteInfo = "odd even";
		};
/* End PBXContainerItemProxy section */

/* Begin PBXFileReference section */
		3DE4D3DF2790849200BF2086 /* odd even.app */ = {isa = PBXFileReference; explicitFileType = wrapper.application; includeInIndex = 0; path = "odd even.app"; sourceTree = BUILT_PRODUCTS_DIR; };
		3DE4D3E22790849200BF2086 /* AppDelegate.swift */ = {isa = PBXFileReference; lastKnownFileType = sourcecode.swift; path = AppDelegate.swift; sourceTree = "<group>"; };
		3DE4D3E42790849200BF2086 /* SceneDelegate.swift */ = {isa = PBXFileReference; lastKnownFileType = sourcecode.swift; path = SceneDelegate.swift; sourceTree = "<group>"; };
		3DE4D3E62790849200BF2086 /* ViewController.swift */ = {isa = PBXFileReference; lastKnownFileType = sourcecode.swift; path = ViewController.swift; sourceTree = "<group>"; };
		3DE4D3E92790849200BF2086 /* Base */ = {isa = PBXFileReference; lastKnownFileType = file.storyboard; name = Base; path = Base.lproj/Main.storyboard; sourceTree = "<group>"; };
		3DE4D3EB2790849700BF2086 /* Assets.xcassets */ = {isa = PBXFileReference; lastKnownFileType = folder.assetcatalog; path = Assets.xcassets; sourceTree = "<group>"; };
		3DE4D3EE2790849700BF2086 /* Base */ = {isa = PBXFileReference; lastKnownFileType = file.storyboard; name = Base; path = Base.lproj/LaunchScreen.storyboard; sourceTree = "<group>"; };
		3DE4D3F02790849700BF2086 /* Info.plist */ = {isa = PBXFileReference; lastKnownFileType = text.plist.xml; path = Info.plist; sourceTree = "<group>"; };
		3DE4D3F52790849800BF2086 /* odd evenTests.xctest */ = {isa = PBXFileReference; explicitFileType = wrapper.cfbundle; includeInIndex = 0; path = "odd evenTests.xctest"; sourceTree = BUILT_PRODUCTS_DIR; };
		3DE4D3F92790849800BF2086 /* odd_evenTests.swift */ = {isa = PBXFileReference; lastKnownFileType = sourcecode.swift; path = odd_evenTests.swift; sourceTree = "<group>"; };
		3DE4D3FF2790849800BF2086 /* odd evenUITests.xctest */ = {isa = PBXFileReference; explicitFileType = wrapper.cfbundle; includeInIndex = 0; path = "odd evenUITests.xctest"; sourceTree = BUILT_PRODUCTS_DIR; };
		3DE4D4032790849800BF2086 /* odd_evenUITests.swift */ = {isa = PBXFileReference; lastKnownFileType = sourcecode.swift; path = odd_evenUITests.swift; sourceTree = "<group>"; };
		3DE4D4052790849800BF2086 /* odd_evenUITestsLaunchTests.swift */ = {isa = PBXFileReference; lastKnownFileType = sourcecode.swift; path = odd_evenUITestsLaunchTests.swift; sourceTree = "<group>"; };
/* End PBXFileReference section */

/* Begin PBXFrameworksBuildPhase section */
		3DE4D3DC2790849200BF2086 /* Frameworks */ = {
			isa = PBXFrameworksBuildPhase;
			buildActionMask = 2147483647;
			files = (
			);
			runOnlyForDeploymentPostprocessing = 0;
		};
		3DE4D3F22790849800BF2086 /* Frameworks */ = {
			isa = PBXFrameworksBuildPhase;
			buildActionMask = 2147483647;
			files = (
			);
			runOnlyForDeploymentPostprocessing = 0;
		};
		3DE4D3FC2790849800BF2086 /* Frameworks */ = {
			isa = PBXFrameworksBuildPhase;
			buildActionMask = 2147483647;
			files = (
			);
			runOnlyForDeploymentPostprocessing = 0;
		};
/* End PBXFrameworksBuildPhase section */

/* Begin PBXGroup section */
		3DE4D3D62790849200BF2086 = {
			isa = PBXGroup;
			children = (
				3DE4D3E12790849200BF2086 /* odd even */,
				3DE4D3F82790849800BF2086 /* odd evenTests */,
				3DE4D4022790849800BF2086 /* odd evenUITests */,
				3DE4D3E02790849200BF2086 /* Products */,
			);
			sourceTree = "<group>";
		};
		3DE4D3E02790849200BF2086 /* Products */ = {
			isa = PBXGroup;
			children = (
				3DE4D3DF2790849200BF2086 /* odd even.app */,
				3DE4D3F52790849800BF2086 /* odd evenTests.xctest */,
				3DE4D3FF2790849800BF2086 /* odd evenUITests.xctest */,
			);
			name = Products;
			sourceTree = "<group>";
		};
		3DE4D3E12790849200BF2086 /* odd even */ = {
			isa = PBXGroup;
			children = (
				3DE4D3E22790849200BF2086 /* AppDelegate.swift */,
				3DE4D3E42790849200BF2086 /* SceneDelegate.swift */,
				3DE4D3E62790849200BF2086 /* ViewController.swift */,
				3DE4D3E82790849200BF2086 /* Main.storyboard */,
				3DE4D3EB2790849700BF2086 /* Assets.xcassets */,
				3DE4D3ED2790849700BF2086 /* LaunchScreen.storyboard */,
				3DE4D3F02790849700BF2086 /* Info.plist */,
			);
			path = "odd even";
			sourceTree = "<group>";
		};
		3DE4D3F82790849800BF2086 /* odd evenTests */ = {
			isa = PBXGroup;
			children = (
				3DE4D3F92790849800BF2086 /* odd_evenTests.swift */,
			);
			path = "odd evenTests";
			sourceTree = "<group>";
		};
		3DE4D4022790849800BF2086 /* odd evenUITests */ = {
			isa = PBXGroup;
			children = (
				3DE4D4032790849800BF2086 /* odd_evenUITests.swift */,
				3DE4D4052790849800BF2086 /* odd_evenUITestsLaunchTests.swift */,
			);
			path = "odd evenUITests";
			sourceTree = "<group>";
		};
/* End PBXGroup section */

/* Begin PBXNativeTarget section */
		3DE4D3DE2790849200BF2086 /* odd even */ = {
			isa = PBXNativeTarget;
			buildConfigurationList = 3DE4D4092790849800BF2086 /* Build configuration list for PBXNativeTarget "odd even" */;
			buildPhases = (
				3DE4D3DB2790849200BF2086 /* Sources */,
				3DE4D3DC2790849200BF2086 /* Frameworks */,
				3DE4D3DD2790849200BF2086 /* Resources */,
			);
			buildRules = (
			);
			dependencies = (
			);
			name = "odd even";
			productName = "odd even";
			productReference = 3DE4D3DF2790849200BF2086 /* odd even.app */;
			productType = "com.apple.product-type.application";
		};
		3DE4D3F42790849800BF2086 /* odd evenTests */ = {
			isa = PBXNativeTarget;
			buildConfigurationList = 3DE4D40C2790849800BF2086 /* Build configuration list for PBXNativeTarget "odd evenTests" */;
			buildPhases = (
				3DE4D3F12790849800BF2086 /* Sources */,
				3DE4D3F22790849800BF2086 /* Frameworks */,
				3DE4D3F32790849800BF2086 /* Resources */,
			);
			buildRules = (
			);
			dependencies = (
				3DE4D3F72790849800BF2086 /* PBXTargetDependency */,
			);
			name = "odd evenTests";
			productName = "odd evenTests";
			productReference = 3DE4D3F52790849800BF2086 /* odd evenTests.xctest */;
			productType = "com.apple.product-type.bundle.unit-test";
		};
		3DE4D3FE2790849800BF2086 /* odd evenUITests */ = {
			isa = PBXNativeTarget;
			buildConfigurationList = 3DE4D40F2790849800BF2086 /* Build configuration list for PBXNativeTarget "odd evenUITests" */;
			buildPhases = (
				3DE4D3FB2790849800BF2086 /* Sources */,
				3DE4D3FC2790849800BF2086 /* Frameworks */,
				3DE4D3FD2790849800BF2086 /* Resources */,
			);
			buildRules = (
			);
			dependencies = (
				3DE4D4012790849800BF2086 /* PBXTargetDependency */,
			);
			name = "odd evenUITests";
			productName = "odd evenUITests";
			productReference = 3DE4D3FF2790849800BF2086 /* odd evenUITests.xctest */;
			productType = "com.apple.product-type.bundle.ui-testing";
		};
/* End PBXNativeTarget section */

/* Begin PBXProject section */
		3DE4D3D72790849200BF2086 /* Project object */ = {
			isa = PBXProject;
			attributes = {
				BuildIndependentTargetsInParallel = 1;
				LastSwiftUpdateCheck = 1320;
				LastUpgradeCheck = 1320;
				TargetAttributes = {
					3DE4D3DE2790849200BF2086 = {
						CreatedOnToolsVersion = 13.2.1;
					};
					3DE4D3F42790849800BF2086 = {
						CreatedOnToolsVersion = 13.2.1;
						TestTargetID = 3DE4D3DE2790849200BF2086;
					};
					3DE4D3FE2790849800BF2086 = {
						CreatedOnToolsVersion = 13.2.1;
						TestTargetID = 3DE4D3DE2790849200BF2086;
					};
				};
			};
			buildConfigurationList = 3DE4D3DA2790849200BF2086 /* Build configuration list for PBXProject "odd even" */;
			compatibilityVersion = "Xcode 13.0";
			developmentRegion = en;
			hasScannedForEncodings = 0;
			knownRegions = (
				en,
				Base,
			);
			mainGroup = 3DE4D3D62790849200BF2086;
			productRefGroup = 3DE4D3E02790849200BF2086 /* Products */;
			projectDirPath = "";
			projectRoot = "";
			targets = (
				3DE4D3DE2790849200BF2086 /* odd even */,
				3DE4D3F42790849800BF2086 /* odd evenTests */,
				3DE4D3FE2790849800BF2086 /* odd evenUITests */,
			);
		};
/* End PBXProject section */

/* Begin PBXResourcesBuildPhase section */
		3DE4D3DD2790849200BF2086 /* Resources */ = {
			isa = PBXResourcesBuildPhase;
			buildActionMask = 2147483647;
			files = (
				3DE4D3EF2790849700BF2086 /* LaunchScreen.storyboard in Resources */,
				3DE4D3EC2790849700BF2086 /* Assets.xcassets in Resources */,
				3DE4D3EA2790849200BF2086 /* Main.storyboard in Resources */,
			);
			runOnlyForDeploymentPostprocessing = 0;
		};
		3DE4D3F32790849800BF2086 /* Resources */ = {
			isa = PBXResourcesBuildPhase;
			buildActionMask = 2147483647;
			files = (
			);
			runOnlyForDeploymentPostprocessing = 0;
		};
		3DE4D3FD2790849800BF2086 /* Resources */ = {
			isa = PBXResourcesBuildPhase;
			buildActionMask = 2147483647;
			files = (
			);
			runOnlyForDeploymentPostprocessing = 0;
		};
/* End PBXResourcesBuildPhase section */

/* Begin PBXSourcesBuildPhase section */
		3DE4D3DB2790849200BF2086 /* Sources */ = {
			isa = PBXSourcesBuildPhase;
			buildActionMask = 2147483647;
			files = (
				3DE4D3E72790849200BF2086 /* ViewController.swift in Sources */,
				3DE4D3E32790849200BF2086 /* AppDelegate.swift in Sources */,
				3DE4D3E52790849200BF2086 /* SceneDelegate.swift in Sources */,
			);
			runOnlyForDeploymentPostprocessing = 0;
		};
		3DE4D3F12790849800BF2086 /* Sources */ = {
			isa = PBXSourcesBuildPhase;
			buildActionMask = 2147483647;
			files = (
				3DE4D3FA2790849800BF2086 /* odd_evenTests.swift in Sources */,
			);
			runOnlyForDeploymentPostprocessing = 0;
		};
		3DE4D3FB2790849800BF2086 /* Sources */ = {
			isa = PBXSourcesBuildPhase;
			buildActionMask = 2147483647;
			files = (
				3DE4D4062790849800BF2086 /* odd_evenUITestsLaunchTests.swift in Sources */,
				3DE4D4042790849800BF2086 /* odd_evenUITests.swift in Sources */,
			);
			runOnlyForDeploymentPostprocessing = 0;
		};
/* End PBXSourcesBuildPhase section */

/* Begin PBXTargetDependency section */
		3DE4D3F72790849800BF2086 /* PBXTargetDependency */ = {
			isa = PBXTargetDependency;
			target = 3DE4D3DE2790849200BF2086 /* odd even */;
			targetProxy = 3DE4D3F62790849800BF2086 /* PBXContainerItemProxy */;
		};
		3DE4D4012790849800BF2086 /* PBXTargetDependency */ = {
			isa = PBXTargetDependency;
			target = 3DE4D3DE2790849200BF2086 /* odd even */;
			targetProxy = 3DE4D4002790849800BF2086 /* PBXContainerItemProxy */;
		};
/* End PBXTargetDependency section */

/* Begin PBXVariantGroup section */
		3DE4D3E82790849200BF2086 /* Main.storyboard */ = {
			isa = PBXVariantGroup;
			children = (
				3DE4D3E92790849200BF2086 /* Base */,
			);
			name = Main.storyboard;
			sourceTree = "<group>";
		};
		3DE4D3ED2790849700BF2086 /* LaunchScreen.storyboard */ = {
			isa = PBXVariantGroup;
			children = (
				3DE4D3EE2790849700BF2086 /* Base */,
			);
			name = LaunchScreen.storyboard;
			sourceTree = "<group>";
		};
/* End PBXVariantGroup section */

/* Begin XCBuildConfiguration section */
		3DE4D4072790849800BF2086 /* Debug */ = {
			isa = XCBuildConfiguration;
			buildSettings = {
				ALWAYS_SEARCH_USER_PATHS = NO;
				CLANG_ANALYZER_NONNULL = YES;
				CLANG_ANALYZER_NUMBER_OBJECT_CONVERSION = YES_AGGRESSIVE;
				CLANG_CXX_LANGUAGE_STANDARD = "gnu++17";
				CLANG_CXX_LIBRARY = "libc++";
				CLANG_ENABLE_MODULES = YES;
				CLANG_ENABLE_OBJC_ARC = YES;
				CLANG_ENABLE_OBJC_WEAK = YES;
				CLANG_WARN_BLOCK_CAPTURE_AUTORELEASING = YES;
				CLANG_WARN_BOOL_CONVERSION = YES;
				CLANG_WARN_COMMA = YES;
				CLANG_WARN_CONSTANT_CONVERSION = YES;
				CLANG_WARN_DEPRECATED_OBJC_IMPLEMENTATIONS = YES;
				CLANG_WARN_DIRECT_OBJC_ISA_USAGE = YES_ERROR;
				CLANG_WARN_DOCUMENTATION_COMMENTS = YES;
				CLANG_WARN_EMPTY_BODY = YES;
				CLANG_WARN_ENUM_CONVERSION = YES;
				CLANG_WARN_INFINITE_RECURSION = YES;
				CLANG_WARN_INT_CONVERSION = YES;
				CLANG_WARN_NON_LITERAL_NULL_CONVERSION = YES;
				CLANG_WARN_OBJC_IMPLICIT_RETAIN_SELF = YES;
				CLANG_WARN_OBJC_LITERAL_CONVERSION = YES;
				CLANG_WARN_OBJC_ROOT_CLASS = YES_ERROR;
				CLANG_WARN_QUOTED_INCLUDE_IN_FRAMEWORK_HEADER = YES;
				CLANG_WARN_RANGE_LOOP_ANALYSIS = YES;
				CLANG_WARN_STRICT_PROTOTYPES = YES;
				CLANG_WARN_SUSPICIOUS_MOVE = YES;
				CLANG_WARN_UNGUARDED_AVAILABILITY = YES_AGGRESSIVE;
				CLANG_WARN_UNREACHABLE_CODE = YES;
				CLANG_WARN__DUPLICATE_METHOD_MATCH = YES;
				COPY_PHASE_STRIP = NO;
				DEBUG_INFORMATION_FORMAT = dwarf;
				ENABLE_STRICT_OBJC_MSGSEND = YES;
				ENABLE_TESTABILITY = YES;
				GCC_C_LANGUAGE_STANDARD = gnu11;
				GCC_DYNAMIC_NO_PIC = NO;
				GCC_NO_COMMON_BLOCKS = YES;
				GCC_OPTIMIZATION_LEVEL = 0;
				GCC_PREPROCESSOR_DEFINITIONS = (
					"DEBUG=1",
					"$(inherited)",
				);
				GCC_WARN_64_TO_32_BIT_CONVERSION = YES;
				GCC_WARN_ABOUT_RETURN_TYPE = YES_ERROR;
				GCC_WARN_UNDECLARED_SELECTOR = YES;
				GCC_WARN_UNINITIALIZED_AUTOS = YES_AGGRESSIVE;
				GCC_WARN_UNUSED_FUNCTION = YES;
				GCC_WARN_UNUSED_VARIABLE = YES;
				IPHONEOS_DEPLOYMENT_TARGET = 15.2;
				MTL_ENABLE_DEBUG_INFO = INCLUDE_SOURCE;
				MTL_FAST_MATH = YES;
				ONLY_ACTIVE_ARCH = YES;
				SDKROOT = iphoneos;
				SWIFT_ACTIVE_COMPILATION_CONDITIONS = DEBUG;
				SWIFT_OPTIMIZATION_LEVEL = "-Onone";
			};
			name = Debug;
		};
		3DE4D4082790849800BF2086 /* Release */ = {
			isa = XCBuildConfiguration;
			buildSettings = {
				ALWAYS_SEARCH_USER_PATHS = NO;
				CLANG_ANALYZER_NONNULL = YES;
				CLANG_ANALYZER_NUMBER_OBJECT_CONVERSION = YES_AGGRESSIVE;
				CLANG_CXX_LANGUAGE_STANDARD = "gnu++17";
				CLANG_CXX_LIBRARY = "libc++";
				CLANG_ENABLE_MODULES = YES;
				CLANG_ENABLE_OBJC_ARC = YES;
				CLANG_ENABLE_OBJC_WEAK = YES;
				CLANG_WARN_BLOCK_CAPTURE_AUTORELEASING = YES;
				CLANG_WARN_BOOL_CONVERSION = YES;
				CLANG_WARN_COMMA = YES;
				CLANG_WARN_CONSTANT_CONVERSION = YES;
				CLANG_WARN_DEPRECATED_OBJC_IMPLEMENTATIONS = YES;
				CLANG_WARN_DIRECT_OBJC_ISA_USAGE = YES_ERROR;
				CLANG_WARN_DOCUMENTATION_COMMENTS = YES;
				CLANG_WARN_EMPTY_BODY = YES;
				CLANG_WARN_ENUM_CONVERSION = YES;
				CLANG_WARN_INFINITE_RECURSION = YES;
				CLANG_WARN_INT_CONVERSION = YES;
				CLANG_WARN_NON_LITERAL_NULL_CONVERSION = YES;
				CLANG_WARN_OBJC_IMPLICIT_RETAIN_SELF = YES;
				CLANG_WARN_OBJC_LITERAL_CONVERSION = YES;
				CLANG_WARN_OBJC_ROOT_CLASS = YES_ERROR;
				CLANG_WARN_QUOTED_INCLUDE_IN_FRAMEWORK_HEADER = YES;
				CLANG_WARN_RANGE_LOOP_ANALYSIS = YES;
				CLANG_WARN_STRICT_PROTOTYPES = YES;
				CLANG_WARN_SUSPICIOUS_MOVE = YES;
				CLANG_WARN_UNGUARDED_AVAILABILITY = YES_AGGRESSIVE;
				CLANG_WARN_UNREACHABLE_CODE = YES;
				CLANG_WARN__DUPLICATE_METHOD_MATCH = YES;
				COPY_PHASE_STRIP = NO;
				DEBUG_INFORMATION_FORMAT = "dwarf-with-dsym";
				ENABLE_NS_ASSERTIONS = NO;
				ENABLE_STRICT_OBJC_MSGSEND = YES;
				GCC_C_LANGUAGE_STANDARD = gnu11;
				GCC_NO_COMMON_BLOCKS = YES;
				GCC_WARN_64_TO_32_BIT_CONVERSION = YES;
				GCC_WARN_ABOUT_RETURN_TYPE = YES_ERROR;
				GCC_WARN_UNDECLARED_SELECTOR = YES;
				GCC_WARN_UNINITIALIZED_AUTOS = YES_AGGRESSIVE;
				GCC_WARN_UNUSED_FUNCTION = YES;
				GCC_WARN_UNUSED_VARIABLE = YES;
				IPHONEOS_DEPLOYMENT_TARGET = 15.2;
				MTL_ENABLE_DEBUG_INFO = NO;
				MTL_FAST_MATH = YES;
				SDKROOT = iphoneos;
				SWIFT_COMPILATION_MODE = wholemodule;
				SWIFT_OPTIMIZATION_LEVEL = "-O";
				VALIDATE_PRODUCT = YES;
			};
			name = Release;
		};
		3DE4D40A2790849800BF2086 /* Debug */ = {
			isa = XCBuildConfiguration;
			buildSettings = {
				ASSETCATALOG_COMPILER_APPICON_NAME = AppIcon;
				ASSETCATALOG_COMPILER_GLOBAL_ACCENT_COLOR_NAME = AccentColor;
				CODE_SIGN_STYLE = Automatic;
				CURRENT_PROJECT_VERSION = 1;
				DEVELOPMENT_TEAM = 26N87QP2PS;
				GENERATE_INFOPLIST_FILE = YES;
				INFOPLIST_FILE = "odd even/Info.plist";
				INFOPLIST_KEY_UIApplicationSupportsIndirectInputEvents = YES;
				INFOPLIST_KEY_UILaunchStoryboardName = LaunchScreen;
				INFOPLIST_KEY_UIMainStoryboardFile = Main;
				INFOPLIST_KEY_UISupportedInterfaceOrientations_iPad = "UIInterfaceOrientationPortrait UIInterfaceOrientationPortraitUpsideDown UIInterfaceOrientationLandscapeLeft UIInterfaceOrientationLandscapeRight";
				INFOPLIST_KEY_UISupportedInterfaceOrientations_iPhone = "UIInterfaceOrientationPortrait UIInterfaceOrientationLandscapeLeft UIInterfaceOrientationLandscapeRight";
				LD_RUNPATH_SEARCH_PATHS = (
					"$(inherited)",
					"@executable_path/Frameworks",
				);
				MARKETING_VERSION = 1.0;
				PRODUCT_BUNDLE_IDENTIFIER = "seoeun.odd-even";
				PRODUCT_NAME = "$(TARGET_NAME)";
				SWIFT_EMIT_LOC_STRINGS = YES;
				SWIFT_VERSION = 5.0;
				TARGETED_DEVICE_FAMILY = "1,2";
			};
			name = Debug;
		};
		3DE4D40B2790849800BF2086 /* Release */ = {
			isa = XCBuildConfiguration;
			buildSettings = {
				ASSETCATALOG_COMPILER_APPICON_NAME = AppIcon;
				ASSETCATALOG_COMPILER_GLOBAL_ACCENT_COLOR_NAME = AccentColor;
				CODE_SIGN_STYLE = Automatic;
				CURRENT_PROJECT_VERSION = 1;
				DEVELOPMENT_TEAM = 26N87QP2PS;
				GENERATE_INFOPLIST_FILE = YES;
				INFOPLIST_FILE = "odd even/Info.plist";
				INFOPLIST_KEY_UIApplicationSupportsIndirectInputEvents = YES;
				INFOPLIST_KEY_UILaunchStoryboardName = LaunchScreen;
				INFOPLIST_KEY_UIMainStoryboardFile = Main;
				INFOPLIST_KEY_UISupportedInterfaceOrientations_iPad = "UIInterfaceOrientationPortrait UIInterfaceOrientationPortraitUpsideDown UIInterfaceOrientationLandscapeLeft UIInterfaceOrientationLandscapeRight";
				INFOPLIST_KEY_UISupportedInterfaceOrientations_iPhone = "UIInterfaceOrientationPortrait UIInterfaceOrientationLandscapeLeft UIInterfaceOrientationLandscapeRight";
				LD_RUNPATH_SEARCH_PATHS = (
					"$(inherited)",
					"@executable_path/Frameworks",
				);
				MARKETING_VERSION = 1.0;
				PRODUCT_BUNDLE_IDENTIFIER = "seoeun.odd-even";
				PRODUCT_NAME = "$(TARGET_NAME)";
				SWIFT_EMIT_LOC_STRINGS = YES;
				SWIFT_VERSION = 5.0;
				TARGETED_DEVICE_FAMILY = "1,2";
			};
			name = Release;
		};
		3DE4D40D2790849800BF2086 /* Debug */ = {
			isa = XCBuildConfiguration;
			buildSettings = {
				ALWAYS_EMBED_SWIFT_STANDARD_LIBRARIES = YES;
				BUNDLE_LOADER = "$(TEST_HOST)";
				CODE_SIGN_STYLE = Automatic;
				CURRENT_PROJECT_VERSION = 1;
				DEVELOPMENT_TEAM = 26N87QP2PS;
				GENERATE_INFOPLIST_FILE = YES;
				IPHONEOS_DEPLOYMENT_TARGET = 15.2;
				MARKETING_VERSION = 1.0;
				PRODUCT_BUNDLE_IDENTIFIER = "seoeun.odd-evenTests";
				PRODUCT_NAME = "$(TARGET_NAME)";
				SWIFT_EMIT_LOC_STRINGS = NO;
				SWIFT_VERSION = 5.0;
				TARGETED_DEVICE_FAMILY = "1,2";
				TEST_HOST = "$(BUILT_PRODUCTS_DIR)/odd even.app/odd even";
			};
			name = Debug;
		};
		3DE4D40E2790849800BF2086 /* Release */ = {
			isa = XCBuildConfiguration;
			buildSettings = {
				ALWAYS_EMBED_SWIFT_STANDARD_LIBRARIES = YES;
				BUNDLE_LOADER = "$(TEST_HOST)";
				CODE_SIGN_STYLE = Automatic;
				CURRENT_PROJECT_VERSION = 1;
				DEVELOPMENT_TEAM = 26N87QP2PS;
				GENERATE_INFOPLIST_FILE = YES;
				IPHONEOS_DEPLOYMENT_TARGET = 15.2;
				MARKETING_VERSION = 1.0;
				PRODUCT_BUNDLE_IDENTIFIER = "seoeun.odd-evenTests";
				PRODUCT_NAME = "$(TARGET_NAME)";
				SWIFT_EMIT_LOC_STRINGS = NO;
				SWIFT_VERSION = 5.0;
				TARGETED_DEVICE_FAMILY = "1,2";
				TEST_HOST = "$(BUILT_PRODUCTS_DIR)/odd even.app/odd even";
			};
			name = Release;
		};
		3DE4D4102790849800BF2086 /* Debug */ = {
			isa = XCBuildConfiguration;
			buildSettings = {
				ALWAYS_EMBED_SWIFT_STANDARD_LIBRARIES = YES;
				CODE_SIGN_STYLE = Automatic;
				CURRENT_PROJECT_VERSION = 1;
				DEVELOPMENT_TEAM = 26N87QP2PS;
				GENERATE_INFOPLIST_FILE = YES;
				MARKETING_VERSION = 1.0;
				PRODUCT_BUNDLE_IDENTIFIER = "seoeun.odd-evenUITests";
				PRODUCT_NAME = "$(TARGET_NAME)";
				SWIFT_EMIT_LOC_STRINGS = NO;
				SWIFT_VERSION = 5.0;
				TARGETED_DEVICE_FAMILY = "1,2";
				TEST_TARGET_NAME = "odd even";
			};
			name = Debug;
		};
		3DE4D4112790849800BF2086 /* Release */ = {
			isa = XCBuildConfiguration;
			buildSettings = {
				ALWAYS_EMBED_SWIFT_STANDARD_LIBRARIES = YES;
				CODE_SIGN_STYLE = Automatic;
				CURRENT_PROJECT_VERSION = 1;
				DEVELOPMENT_TEAM = 26N87QP2PS;
				GENERATE_INFOPLIST_FILE = YES;
				MARKETING_VERSION = 1.0;
				PRODUCT_BUNDLE_IDENTIFIER = "seoeun.odd-evenUITests";
				PRODUCT_NAME = "$(TARGET_NAME)";
				SWIFT_EMIT_LOC_STRINGS = NO;
				SWIFT_VERSION = 5.0;
				TARGETED_DEVICE_FAMILY = "1,2";
				TEST_TARGET_NAME = "odd even";
			};
			name = Release;
		};
/* End XCBuildConfiguration section */

/* Begin XCConfigurationList section */
		3DE4D3DA2790849200BF2086 /* Build configuration list for PBXProject "odd even" */ = {
			isa = XCConfigurationList;
			buildConfigurations = (
				3DE4D4072790849800BF2086 /* Debug */,
				3DE4D4082790849800BF2086 /* Release */,
			);
			defaultConfigurationIsVisible = 0;
			defaultConfigurationName = Release;
		};
		3DE4D4092790849800BF2086 /* Build configuration list for PBXNativeTarget "odd even" */ = {
			isa = XCConfigurationList;
			buildConfigurations = (
				3DE4D40A2790849800BF2086 /* Debug */,
				3DE4D40B2790849800BF2086 /* Release */,
			);
			defaultConfigurationIsVisible = 0;
			defaultConfigurationName = Release;
		};
		3DE4D40C2790849800BF2086 /* Build configuration list for PBXNativeTarget "odd evenTests" */ = {
			isa = XCConfigurationList;
			buildConfigurations = (
				3DE4D40D2790849800BF2086 /* Debug */,
				3DE4D40E2790849800BF2086 /* Release */,
			);
			defaultConfigurationIsVisible = 0;
			defaultConfigurationName = Release;
		};
		3DE4D40F2790849800BF2086 /* Build configuration list for PBXNativeTarget "odd evenUITests" */ = {
			isa = XCConfigurationList;
			buildConfigurations = (
				3DE4D4102790849800BF2086 /* Debug */,
				3DE4D4112790849800BF2086 /* Release */,
			);
			defaultConfigurationIsVisible = 0;
			defaultConfigurationName = Release;
		};
/* End XCConfigurationList section */
	};
	rootObject = 3DE4D3D72790849200BF2086 /* Project object */;
}
